
Microsoft Visual Studio Solution File, Format Version 12.00
# Visual Studio Version 16
VisualStudioVersion = 16.0.31112.23
MinimumVisualStudioVersion = 10.0.40219.1
Project("{FAE04EC0-301F-11D3-BF4B-00C04F79EFBC}") = "Pre.Form-@-home.Web", "Pre.Form-@-home.Web\Pre.Form-@-home.Web.csproj", "{7796611D-1A39-472C-958A-EF248B5AE956}"
EndProject
Global
	GlobalSection(SolutionConfigurationPlatforms) = preSolution
		Debug|Any CPU = Debug|Any CPU
		Release|Any CPU = Release|Any CPU
	EndGlobalSection
	GlobalSection(ProjectConfigurationPlatforms) = postSolution
		{7796611D-1A39-472C-958A-EF248B5AE956}.Debug|Any CPU.ActiveCfg = Debug|Any CPU
		{7796611D-1A39-472C-958A-EF248B5AE956}.Debug|Any CPU.Build.0 = Debug|Any CPU
		{7796611D-1A39-472C-958A-EF248B5AE956}.Release|Any CPU.ActiveCfg = Release|Any CPU
		{7796611D-1A39-472C-958A-EF248B5AE956}.Release|Any CPU.Build.0 = Release|Any CPU
	EndGlobalSection
	GlobalSection(SolutionProperties) = preSolution
		HideSolutionNode = FALSE
	EndGlobalSection
	GlobalSection(ExtensibilityGlobals) = postSolution
		SolutionGuid = {F9F40D9E-6176-450F-A3C9-A9537814529C}
	EndGlobalSection
EndGlobal
